
Microsoft Visual Studio Solution File, Format Version 12.00
# Visual Studio Version 16
VisualStudioVersion = 16.0.29123.88
MinimumVisualStudioVersion = 10.0.40219.1
Project("{9A19103F-16F7-4668-BE54-9A1E7A4F7556}") = "AppChat", "AppChat.csproj", "{7FE7264B-35CC-48D2-A873-D37D6D85DA94}"
EndProject
Project("{FAE04EC0-301F-11D3-BF4B-00C04F79EFBC}") = "EntityModel", "..\EntityModel\EntityModel.csproj", "{B3CD06B6-F97E-4176-A86F-3EA8BB5E57D7}"
EndProject
Global
	GlobalSection(SolutionConfigurationPlatforms) = preSolution
		Debug|Any CPU = Debug|Any CPU
		Release|Any CPU = Release|Any CPU
	EndGlobalSection
	GlobalSection(ProjectConfigurationPlatforms) = postSolution
		{7FE7264B-35CC-48D2-A873-D37D6D85DA94}.Debug|Any CPU.ActiveCfg = Debug|Any CPU
		{7FE7264B-35CC-48D2-A873-D37D6D85DA94}.Debug|Any CPU.Build.0 = Debug|Any CPU
		{7FE7264B-35CC-48D2-A873-D37D6D85DA94}.Release|Any CPU.ActiveCfg = Release|Any CPU
		{7FE7264B-35CC-48D2-A873-D37D6D85DA94}.Release|Any CPU.Build.0 = Release|Any CPU
		{B3CD06B6-F97E-4176-A86F-3EA8BB5E57D7}.Debug|Any CPU.ActiveCfg = Debug|Any CPU
		{B3CD06B6-F97E-4176-A86F-3EA8BB5E57D7}.Debug|Any CPU.Build.0 = Debug|Any CPU
		{B3CD06B6-F97E-4176-A86F-3EA8BB5E57D7}.Release|Any CPU.ActiveCfg = Release|Any CPU
		{B3CD06B6-F97E-4176-A86F-3EA8BB5E57D7}.Release|Any CPU.Build.0 = Release|Any CPU
	EndGlobalSection
	GlobalSection(SolutionProperties) = preSolution
		HideSolutionNode = FALSE
	EndGlobalSection
	GlobalSection(ExtensibilityGlobals) = postSolution
		SolutionGuid = {CAB57F50-9A56-426C-965A-13E15F90F0E4}
	EndGlobalSection
EndGlobal
